
Microsoft Visual Studio Solution File, Format Version 12.00
# Visual Studio Version 17
VisualStudioVersion = 17.14.36414.22 d17.14
MinimumVisualStudioVersion = 10.0.40219.1
Project("{FAE04EC0-301F-11D3-BF4B-00C04F79EFBC}") = "HumanScript", "HumanScript\HumanScript.csproj", "{DD142072-C87C-4C57-81A9-CF99D14277F7}"
EndProject
Global
	GlobalSection(SolutionConfigurationPlatforms) = preSolution
		Debug|Any CPU = Debug|Any CPU
		Release|Any CPU = Release|Any CPU
	EndGlobalSection
	GlobalSection(ProjectConfigurationPlatforms) = postSolution
		{DD142072-C87C-4C57-81A9-CF99D14277F7}.Debug|Any CPU.ActiveCfg = Debug|Any CPU
		{DD142072-C87C-4C57-81A9-CF99D14277F7}.Debug|Any CPU.Build.0 = Debug|Any CPU
		{DD142072-C87C-4C57-81A9-CF99D14277F7}.Release|Any CPU.ActiveCfg = Release|Any CPU
		{DD142072-C87C-4C57-81A9-CF99D14277F7}.Release|Any CPU.Build.0 = Release|Any CPU
	EndGlobalSection
	GlobalSection(SolutionProperties) = preSolution
		HideSolutionNode = FALSE
	EndGlobalSection
	GlobalSection(ExtensibilityGlobals) = postSolution
		SolutionGuid = {364D6B95-5C28-4BA3-A5EE-F02B68EA95ED}
	EndGlobalSection
EndGlobal
